
Microsoft Visual Studio Solution File, Format Version 12.00
# Visual Studio Version 17
VisualStudioVersion = 17.0.32014.148
MinimumVisualStudioVersion = 10.0.40219.1
Project("{FAE04EC0-301F-11D3-BF4B-00C04F79EFBC}") = "LinqInParallel", "LinqInParallel\LinqInParallel.csproj", "{3823D7D7-3D3E-46E7-B4EE-DC2DDA99EEFD}"
EndProject
Global
	GlobalSection(SolutionConfigurationPlatforms) = preSolution
		Debug|Any CPU = Debug|Any CPU
		Release|Any CPU = Release|Any CPU
	EndGlobalSection
	GlobalSection(ProjectConfigurationPlatforms) = postSolution
		{3823D7D7-3D3E-46E7-B4EE-DC2DDA99EEFD}.Debug|Any CPU.ActiveCfg = Debug|Any CPU
		{3823D7D7-3D3E-46E7-B4EE-DC2DDA99EEFD}.Debug|Any CPU.Build.0 = Debug|Any CPU
		{3823D7D7-3D3E-46E7-B4EE-DC2DDA99EEFD}.Release|Any CPU.ActiveCfg = Release|Any CPU
		{3823D7D7-3D3E-46E7-B4EE-DC2DDA99EEFD}.Release|Any CPU.Build.0 = Release|Any CPU
	EndGlobalSection
	GlobalSection(SolutionProperties) = preSolution
		HideSolutionNode = FALSE
	EndGlobalSection
	GlobalSection(ExtensibilityGlobals) = postSolution
		SolutionGuid = {E1AA7C64-D8BB-47B2-8A1F-7A81DD1D4427}
	EndGlobalSection
EndGlobal
